// !$*UTF8*$!
{
	archiveVersion = 1;
	classes = {
	};
	objectVersion = 48;
	objects = {

/* Begin PBXBuildFile section */
		6203F3BC2014370500668B8C /* PhotoPickerWithNavigationViewController.swift in Sources */ = {isa = PBXBuildFile; fileRef = 6203F3BB2014370500668B8C /* PhotoPickerWithNavigationViewController.swift */; };
		6203F3BE2014376700668B8C /* ImagePreviewViewController.swift in Sources */ = {isa = PBXBuildFile; fileRef = 6203F3BD2014376700668B8C /* ImagePreviewViewController.swift */; };
		6203F3C0201437A300668B8C /* ImagePreviewViewController.xib in Resources */ = {isa = PBXBuildFile; fileRef = 6203F3BF201437A200668B8C /* ImagePreviewViewController.xib */; };
		6203F3C22014386200668B8C /* TLPhotosPicker+Extension.swift in Sources */ = {isa = PBXBuildFile; fileRef = 6203F3C12014386200668B8C /* TLPhotosPicker+Extension.swift */; };
		6203F3CF2014576500668B8C /* GridViewCell.swift in Sources */ = {isa = PBXBuildFile; fileRef = 6203F3CE2014576500668B8C /* GridViewCell.swift */; };
		6203F3D62014577300668B8C /* MasterViewController.swift in Sources */ = {isa = PBXBuildFile; fileRef = 6203F3D02014577300668B8C /* MasterViewController.swift */; };
		6203F3D72014577300668B8C /* AssetViewController.swift in Sources */ = {isa = PBXBuildFile; fileRef = 6203F3D12014577300668B8C /* AssetViewController.swift */; };
		6203F3D92014577300668B8C /* AssetGridViewController.swift in Sources */ = {isa = PBXBuildFile; fileRef = 6203F3D32014577300668B8C /* AssetGridViewController.swift */; };
		6203F3DB2014577300668B8C /* Database in Resources */ = {isa = PBXBuildFile; fileRef = 6203F3D52014577300668B8C /* Database */; };
		6203F3DE2014591900668B8C /* Main.storyboard in Resources */ = {isa = PBXBuildFile; fileRef = 6203F3DC2014591900668B8C /* Main.storyboard */; };
		6208D0A5200D452100D32976 /* AppDelegate.swift in Sources */ = {isa = PBXBuildFile; fileRef = 6208D0A4200D452100D32976 /* AppDelegate.swift */; };
		6208D0A7200D452100D32976 /* NaoshimaViewController.swift in Sources */ = {isa = PBXBuildFile; fileRef = 6208D0A6200D452100D32976 /* NaoshimaViewController.swift */; };
		6208D0AC200D452100D32976 /* Assets.xcassets in Resources */ = {isa = PBXBuildFile; fileRef = 6208D0AB200D452100D32976 /* Assets.xcassets */; };
		6208D0AF200D452100D32976 /* LaunchScreen.storyboard in Resources */ = {isa = PBXBuildFile; fileRef = 6208D0AD200D452100D32976 /* LaunchScreen.storyboard */; };
		6208D0B8200D519600D32976 /* opencv2.framework in Frameworks */ = {isa = PBXBuildFile; fileRef = 6208D0B7200D519600D32976 /* opencv2.framework */; };
		6208D0BA200D51AC00D32976 /* Accelerate.framework in Frameworks */ = {isa = PBXBuildFile; fileRef = 6208D0B9200D51AC00D32976 /* Accelerate.framework */; };
		6208D0BD200D51B500D32976 /* CoreGraphics.framework in Frameworks */ = {isa = PBXBuildFile; fileRef = 6208D0BB200D51B500D32976 /* CoreGraphics.framework */; };
		6208D0BE200D51B500D32976 /* CoreImage.framework in Frameworks */ = {isa = PBXBuildFile; fileRef = 6208D0BC200D51B500D32976 /* CoreImage.framework */; };
		6208D0C0200D51D000D32976 /* CoreFoundation.framework in Frameworks */ = {isa = PBXBuildFile; fileRef = 6208D0BF200D51D000D32976 /* CoreFoundation.framework */; };
		6208D0C2200D51E100D32976 /* CoreMedia.framework in Frameworks */ = {isa = PBXBuildFile; fileRef = 6208D0C1200D51E100D32976 /* CoreMedia.framework */; };
		6208D0C4200D541000D32976 /* libdlib.a in Frameworks */ = {isa = PBXBuildFile; fileRef = 6208D0C3200D541000D32976 /* libdlib.a */; };
		6208D0C7200D565200D32976 /* libsqlite3.tbd in Frameworks */ = {isa = PBXBuildFile; fileRef = 6208D0C5200D565200D32976 /* libsqlite3.tbd */; };
		6208D0C8200D565200D32976 /* libsqlite3.0.tbd in Frameworks */ = {isa = PBXBuildFile; fileRef = 6208D0C6200D565200D32976 /* libsqlite3.0.tbd */; };
		6208D0D6200D5A4000D32976 /* PeopleGroup.swift in Sources */ = {isa = PBXBuildFile; fileRef = 6208D0D3200D5A4000D32976 /* PeopleGroup.swift */; };
		6208D0D7200D5A4000D32976 /* KnowledgeBase.swift in Sources */ = {isa = PBXBuildFile; fileRef = 6208D0D4200D5A4000D32976 /* KnowledgeBase.swift */; };
		6208D0D8200D5A4000D32976 /* Safearray.swift in Sources */ = {isa = PBXBuildFile; fileRef = 6208D0D5200D5A4000D32976 /* Safearray.swift */; };
		6208D0F3200D5A4F00D32976 /* SQLite-Bridging.m in Sources */ = {isa = PBXBuildFile; fileRef = 6208D0D9200D5A4E00D32976 /* SQLite-Bridging.m */; };
		6208D0F4200D5A4F00D32976 /* FTS4.swift in Sources */ = {isa = PBXBuildFile; fileRef = 6208D0DA200D5A4E00D32976 /* FTS4.swift */; };
		6208D0F5200D5A4F00D32976 /* Schema.swift in Sources */ = {isa = PBXBuildFile; fileRef = 6208D0DB200D5A4E00D32976 /* Schema.swift */; };
		6208D0F6200D5A4F00D32976 /* FTS5.swift in Sources */ = {isa = PBXBuildFile; fileRef = 6208D0DD200D5A4E00D32976 /* FTS5.swift */; };
		6208D0F7200D5A4F00D32976 /* CoreFunctions.swift in Sources */ = {isa = PBXBuildFile; fileRef = 6208D0DE200D5A4E00D32976 /* CoreFunctions.swift */; };
		6208D0F8200D5A4F00D32976 /* Value.swift in Sources */ = {isa = PBXBuildFile; fileRef = 6208D0DF200D5A4E00D32976 /* Value.swift */; };
		6208D0F9200D5A4F00D32976 /* Cipher.swift in Sources */ = {isa = PBXBuildFile; fileRef = 6208D0E0200D5A4E00D32976 /* Cipher.swift */; };
		6208D0FA200D5A4F00D32976 /* Errors.swift in Sources */ = {isa = PBXBuildFile; fileRef = 6208D0E3200D5A4E00D32976 /* Errors.swift */; };
		6208D0FB200D5A4F00D32976 /* Collation.swift in Sources */ = {isa = PBXBuildFile; fileRef = 6208D0E4200D5A4F00D32976 /* Collation.swift */; };
		6208D0FC200D5A4F00D32976 /* Blob.swift in Sources */ = {isa = PBXBuildFile; fileRef = 6208D0E5200D5A4F00D32976 /* Blob.swift */; };
		6208D0FD200D5A4F00D32976 /* Helpers.swift in Sources */ = {isa = PBXBuildFile; fileRef = 6208D0E6200D5A4F00D32976 /* Helpers.swift */; };
		6208D0FE200D5A4F00D32976 /* DateAndTimeFunctions.swift in Sources */ = {isa = PBXBuildFile; fileRef = 6208D0E7200D5A4F00D32976 /* DateAndTimeFunctions.swift */; };
		6208D0FF200D5A4F00D32976 /* Expression.swift in Sources */ = {isa = PBXBuildFile; fileRef = 6208D0E8200D5A4F00D32976 /* Expression.swift */; };
		6208D100200D5A4F00D32976 /* CustomFunctions.swift in Sources */ = {isa = PBXBuildFile; fileRef = 6208D0E9200D5A4F00D32976 /* CustomFunctions.swift */; };
		6208D101200D5A4F00D32976 /* Connection.swift in Sources */ = {isa = PBXBuildFile; fileRef = 6208D0EA200D5A4F00D32976 /* Connection.swift */; };
		6208D102200D5A4F00D32976 /* Foundation.swift in Sources */ = {isa = PBXBuildFile; fileRef = 6208D0EB200D5A4F00D32976 /* Foundation.swift */; };
		6208D103200D5A4F00D32976 /* AggregateFunctions.swift in Sources */ = {isa = PBXBuildFile; fileRef = 6208D0EC200D5A4F00D32976 /* AggregateFunctions.swift */; };
		6208D104200D5A4F00D32976 /* Operators.swift in Sources */ = {isa = PBXBuildFile; fileRef = 6208D0ED200D5A4F00D32976 /* Operators.swift */; };
		6208D105200D5A4F00D32976 /* Setter.swift in Sources */ = {isa = PBXBuildFile; fileRef = 6208D0EE200D5A4F00D32976 /* Setter.swift */; };
		6208D106200D5A4F00D32976 /* Query.swift in Sources */ = {isa = PBXBuildFile; fileRef = 6208D0EF200D5A4F00D32976 /* Query.swift */; };
		6208D107200D5A4F00D32976 /* Coding.swift in Sources */ = {isa = PBXBuildFile; fileRef = 6208D0F0200D5A4F00D32976 /* Coding.swift */; };
		6208D108200D5A4F00D32976 /* RTree.swift in Sources */ = {isa = PBXBuildFile; fileRef = 6208D0F1200D5A4F00D32976 /* RTree.swift */; };
		6208D109200D5A4F00D32976 /* Statement.swift in Sources */ = {isa = PBXBuildFile; fileRef = 6208D0F2200D5A4F00D32976 /* Statement.swift */; };
		6208D112200D5B4B00D32976 /* NaoshimaCWrapper.mm in Sources */ = {isa = PBXBuildFile; fileRef = 6208D10B200D5B4B00D32976 /* NaoshimaCWrapper.mm */; };
		6208D113200D5B4B00D32976 /* PhotoCluster.cpp in Sources */ = {isa = PBXBuildFile; fileRef = 6208D10C200D5B4B00D32976 /* PhotoCluster.cpp */; };
		6208D114200D5B4B00D32976 /* FaceBlendCommon.cpp in Sources */ = {isa = PBXBuildFile; fileRef = 6208D110200D5B4B00D32976 /* FaceBlendCommon.cpp */; };
		6208D117200F0DCD00D32976 /* dlib_face_recognition_resnet_model_v1.dat in Resources */ = {isa = PBXBuildFile; fileRef = 6208D115200F0DCC00D32976 /* dlib_face_recognition_resnet_model_v1.dat */; };
		6208D118200F0DCD00D32976 /* shape_predictor_68_face_landmarks.dat in Resources */ = {isa = PBXBuildFile; fileRef = 6208D116200F0DCD00D32976 /* shape_predictor_68_face_landmarks.dat */; };
		E80191FAA5448A8ADB0A0DE4 /* Pods_Naoshima.framework in Frameworks */ = {isa = PBXBuildFile; fileRef = B91303F31A2392C9165F5763 /* Pods_Naoshima.framework */; };
/* End PBXBuildFile section */

/* Begin PBXFileReference section */
		6203F3BB2014370500668B8C /* PhotoPickerWithNavigationViewController.swift */ = {isa = PBXFileReference; lastKnownFileType = sourcecode.swift; path = PhotoPickerWithNavigationViewController.swift; sourceTree = "<group>"; };
		6203F3BD2014376700668B8C /* ImagePreviewViewController.swift */ = {isa = PBXFileReference; lastKnownFileType = sourcecode.swift; path = ImagePreviewViewController.swift; sourceTree = "<group>"; };
		6203F3BF201437A200668B8C /* ImagePreviewViewController.xib */ = {isa = PBXFileReference; fileEncoding = 4; lastKnownFileType = file.xib; path = ImagePreviewViewController.xib; sourceTree = "<group>"; };
		6203F3C12014386200668B8C /* TLPhotosPicker+Extension.swift */ = {isa = PBXFileReference; fileEncoding = 4; lastKnownFileType = sourcecode.swift; path = "TLPhotosPicker+Extension.swift"; sourceTree = "<group>"; };
		6203F3CE2014576500668B8C /* GridViewCell.swift */ = {isa = PBXFileReference; fileEncoding = 4; lastKnownFileType = sourcecode.swift; path = GridViewCell.swift; sourceTree = "<group>"; };
		6203F3D02014577300668B8C /* MasterViewController.swift */ = {isa = PBXFileReference; fileEncoding = 4; lastKnownFileType = sourcecode.swift; path = MasterViewController.swift; sourceTree = "<group>"; };
		6203F3D12014577300668B8C /* AssetViewController.swift */ = {isa = PBXFileReference; fileEncoding = 4; lastKnownFileType = sourcecode.swift; path = AssetViewController.swift; sourceTree = "<group>"; };
		6203F3D32014577300668B8C /* AssetGridViewController.swift */ = {isa = PBXFileReference; fileEncoding = 4; lastKnownFileType = sourcecode.swift; path = AssetGridViewController.swift; sourceTree = "<group>"; };
		6203F3D52014577300668B8C /* Database */ = {isa = PBXFileReference; lastKnownFileType = folder; path = Database; sourceTree = "<group>"; };
		6203F3DD2014591900668B8C /* Base */ = {isa = PBXFileReference; lastKnownFileType = file.storyboard; name = Base; path = Base.lproj/Main.storyboard; sourceTree = "<group>"; };
		6208D0A1200D452100D32976 /* Naoshima.app */ = {isa = PBXFileReference; explicitFileType = wrapper.application; includeInIndex = 0; path = Naoshima.app; sourceTree = BUILT_PRODUCTS_DIR; };
		6208D0A4200D452100D32976 /* AppDelegate.swift */ = {isa = PBXFileReference; lastKnownFileType = sourcecode.swift; path = AppDelegate.swift; sourceTree = "<group>"; };
		6208D0A6200D452100D32976 /* NaoshimaViewController.swift */ = {isa = PBXFileReference; lastKnownFileType = sourcecode.swift; path = NaoshimaViewController.swift; sourceTree = "<group>"; };
		6208D0AB200D452100D32976 /* Assets.xcassets */ = {isa = PBXFileReference; lastKnownFileType = folder.assetcatalog; path = Assets.xcassets; sourceTree = "<group>"; };
		6208D0AE200D452100D32976 /* Base */ = {isa = PBXFileReference; lastKnownFileType = file.storyboard; name = Base; path = Base.lproj/LaunchScreen.storyboard; sourceTree = "<group>"; };
		6208D0B0200D452100D32976 /* Info.plist */ = {isa = PBXFileReference; lastKnownFileType = text.plist.xml; path = Info.plist; sourceTree = "<group>"; };
		6208D0B7200D519600D32976 /* opencv2.framework */ = {isa = PBXFileReference; lastKnownFileType = wrapper.framework; name = opencv2.framework; path = libs/opencv2.framework; sourceTree = "<group>"; };
		6208D0B9200D51AC00D32976 /* Accelerate.framework */ = {isa = PBXFileReference; lastKnownFileType = wrapper.framework; name = Accelerate.framework; path = System/Library/Frameworks/Accelerate.framework; sourceTree = SDKROOT; };
		6208D0BB200D51B500D32976 /* CoreGraphics.framework */ = {isa = PBXFileReference; lastKnownFileType = wrapper.framework; name = CoreGraphics.framework; path = System/Library/Frameworks/CoreGraphics.framework; sourceTree = SDKROOT; };
		6208D0BC200D51B500D32976 /* CoreImage.framework */ = {isa = PBXFileReference; lastKnownFileType = wrapper.framework; name = CoreImage.framework; path = System/Library/Frameworks/CoreImage.framework; sourceTree = SDKROOT; };
		6208D0BF200D51D000D32976 /* CoreFoundation.framework */ = {isa = PBXFileReference; lastKnownFileType = wrapper.framework; name = CoreFoundation.framework; path = System/Library/Frameworks/CoreFoundation.framework; sourceTree = SDKROOT; };
		6208D0C1200D51E100D32976 /* CoreMedia.framework */ = {isa = PBXFileReference; lastKnownFileType = wrapper.framework; name = CoreMedia.framework; path = System/Library/Frameworks/CoreMedia.framework; sourceTree = SDKROOT; };
		6208D0C3200D541000D32976 /* libdlib.a */ = {isa = PBXFileReference; lastKnownFileType = archive.ar; name = libdlib.a; path = libs/libdlib.a; sourceTree = "<group>"; };
		6208D0C5200D565200D32976 /* libsqlite3.tbd */ = {isa = PBXFileReference; lastKnownFileType = "sourcecode.text-based-dylib-definition"; name = libsqlite3.tbd; path = usr/lib/libsqlite3.tbd; sourceTree = SDKROOT; };
		6208D0C6200D565200D32976 /* libsqlite3.0.tbd */ = {isa = PBXFileReference; lastKnownFileType = "sourcecode.text-based-dylib-definition"; name = libsqlite3.0.tbd; path = usr/lib/libsqlite3.0.tbd; sourceTree = SDKROOT; };
		6208D0C9200D575700D32976 /* Naoshima-Bridging-Header.h */ = {isa = PBXFileReference; lastKnownFileType = sourcecode.c.h; path = "Naoshima-Bridging-Header.h"; sourceTree = "<group>"; };
		6208D0D3200D5A4000D32976 /* PeopleGroup.swift */ = {isa = PBXFileReference; fileEncoding = 4; lastKnownFileType = sourcecode.swift; path = PeopleGroup.swift; sourceTree = "<group>"; };
		6208D0D4200D5A4000D32976 /* KnowledgeBase.swift */ = {isa = PBXFileReference; fileEncoding = 4; lastKnownFileType = sourcecode.swift; path = KnowledgeBase.swift; sourceTree = "<group>"; };
		6208D0D5200D5A4000D32976 /* Safearray.swift */ = {isa = PBXFileReference; fileEncoding = 4; lastKnownFileType = sourcecode.swift; path = Safearray.swift; sourceTree = "<group>"; };
		6208D0D9200D5A4E00D32976 /* SQLite-Bridging.m */ = {isa = PBXFileReference; fileEncoding = 4; lastKnownFileType = sourcecode.c.objc; path = "SQLite-Bridging.m"; sourceTree = "<group>"; };
		6208D0DA200D5A4E00D32976 /* FTS4.swift */ = {isa = PBXFileReference; fileEncoding = 4; lastKnownFileType = sourcecode.swift; path = FTS4.swift; sourceTree = "<group>"; };
		6208D0DB200D5A4E00D32976 /* Schema.swift */ = {isa = PBXFileReference; fileEncoding = 4; lastKnownFileType = sourcecode.swift; path = Schema.swift; sourceTree = "<group>"; };
		6208D0DC200D5A4E00D32976 /* SQLite.h */ = {isa = PBXFileReference; fileEncoding = 4; lastKnownFileType = sourcecode.c.h; path = SQLite.h; sourceTree = "<group>"; };
		6208D0DD200D5A4E00D32976 /* FTS5.swift */ = {isa = PBXFileReference; fileEncoding = 4; lastKnownFileType = sourcecode.swift; path = FTS5.swift; sourceTree = "<group>"; };
		6208D0DE200D5A4E00D32976 /* CoreFunctions.swift */ = {isa = PBXFileReference; fileEncoding = 4; lastKnownFileType = sourcecode.swift; path = CoreFunctions.swift; sourceTree = "<group>"; };
		6208D0DF200D5A4E00D32976 /* Value.swift */ = {isa = PBXFileReference; fileEncoding = 4; lastKnownFileType = sourcecode.swift; path = Value.swift; sourceTree = "<group>"; };
		6208D0E0200D5A4E00D32976 /* Cipher.swift */ = {isa = PBXFileReference; fileEncoding = 4; lastKnownFileType = sourcecode.swift; path = Cipher.swift; sourceTree = "<group>"; };
		6208D0E1200D5A4E00D32976 /* SQLite-Bridging.h */ = {isa = PBXFileReference; fileEncoding = 4; lastKnownFileType = sourcecode.c.h; path = "SQLite-Bridging.h"; sourceTree = "<group>"; };
		6208D0E2200D5A4E00D32976 /* fts3_tokenizer.h */ = {isa = PBXFileReference; fileEncoding = 4; lastKnownFileType = sourcecode.c.h; path = fts3_tokenizer.h; sourceTree = "<group>"; };
		6208D0E3200D5A4E00D32976 /* Errors.swift */ = {isa = PBXFileReference; fileEncoding = 4; lastKnownFileType = sourcecode.swift; path = Errors.swift; sourceTree = "<group>"; };
		6208D0E4200D5A4F00D32976 /* Collation.swift */ = {isa = PBXFileReference; fileEncoding = 4; lastKnownFileType = sourcecode.swift; path = Collation.swift; sourceTree = "<group>"; };
		6208D0E5200D5A4F00D32976 /* Blob.swift */ = {isa = PBXFileReference; fileEncoding = 4; lastKnownFileType = sourcecode.swift; path = Blob.swift; sourceTree = "<group>"; };
		6208D0E6200D5A4F00D32976 /* Helpers.swift */ = {isa = PBXFileReference; fileEncoding = 4; lastKnownFileType = sourcecode.swift; path = Helpers.swift; sourceTree = "<group>"; };
		6208D0E7200D5A4F00D32976 /* DateAndTimeFunctions.swift */ = {isa = PBXFileReference; fileEncoding = 4; lastKnownFileType = sourcecode.swift; path = DateAndTimeFunctions.swift; sourceTree = "<group>"; };
		6208D0E8200D5A4F00D32976 /* Expression.swift */ = {isa = PBXFileReference; fileEncoding = 4; lastKnownFileType = sourcecode.swift; path = Expression.swift; sourceTree = "<group>"; };
		6208D0E9200D5A4F00D32976 /* CustomFunctions.swift */ = {isa = PBXFileReference; fileEncoding = 4; lastKnownFileType = sourcecode.swift; path = CustomFunctions.swift; sourceTree = "<group>"; };
		6208D0EA200D5A4F00D32976 /* Connection.swift */ = {isa = PBXFileReference; fileEncoding = 4; lastKnownFileType = sourcecode.swift; path = Connection.swift; sourceTree = "<group>"; };
		6208D0EB200D5A4F00D32976 /* Foundation.swift */ = {isa = PBXFileReference; fileEncoding = 4; lastKnownFileType = sourcecode.swift; path = Foundation.swift; sourceTree = "<group>"; };
		6208D0EC200D5A4F00D32976 /* AggregateFunctions.swift */ = {isa = PBXFileReference; fileEncoding = 4; lastKnownFileType = sourcecode.swift; path = AggregateFunctions.swift; sourceTree = "<group>"; };
		6208D0ED200D5A4F00D32976 /* Operators.swift */ = {isa = PBXFileReference; fileEncoding = 4; lastKnownFileType = sourcecode.swift; path = Operators.swift; sourceTree = "<group>"; };
		6208D0EE200D5A4F00D32976 /* Setter.swift */ = {isa = PBXFileReference; fileEncoding = 4; lastKnownFileType = sourcecode.swift; path = Setter.swift; sourceTree = "<group>"; };
		6208D0EF200D5A4F00D32976 /* Query.swift */ = {isa = PBXFileReference; fileEncoding = 4; lastKnownFileType = sourcecode.swift; path = Query.swift; sourceTree = "<group>"; };
		6208D0F0200D5A4F00D32976 /* Coding.swift */ = {isa = PBXFileReference; fileEncoding = 4; lastKnownFileType = sourcecode.swift; path = Coding.swift; sourceTree = "<group>"; };
		6208D0F1200D5A4F00D32976 /* RTree.swift */ = {isa = PBXFileReference; fileEncoding = 4; lastKnownFileType = sourcecode.swift; path = RTree.swift; sourceTree = "<group>"; };
		6208D0F2200D5A4F00D32976 /* Statement.swift */ = {isa = PBXFileReference; fileEncoding = 4; lastKnownFileType = sourcecode.swift; path = Statement.swift; sourceTree = "<group>"; };
		6208D10B200D5B4B00D32976 /* NaoshimaCWrapper.mm */ = {isa = PBXFileReference; fileEncoding = 4; lastKnownFileType = sourcecode.cpp.objcpp; path = NaoshimaCWrapper.mm; sourceTree = "<group>"; };
		6208D10C200D5B4B00D32976 /* PhotoCluster.cpp */ = {isa = PBXFileReference; fileEncoding = 4; lastKnownFileType = sourcecode.cpp.cpp; path = PhotoCluster.cpp; sourceTree = "<group>"; };
		6208D10D200D5B4B00D32976 /* FaceBlendCommon.h */ = {isa = PBXFileReference; fileEncoding = 4; lastKnownFileType = sourcecode.c.h; path = FaceBlendCommon.h; sourceTree = "<group>"; };
		6208D10E200D5B4B00D32976 /* PhotoCluster.h */ = {isa = PBXFileReference; fileEncoding = 4; lastKnownFileType = sourcecode.c.h; path = PhotoCluster.h; sourceTree = "<group>"; };
		6208D10F200D5B4B00D32976 /* NaoshimaCWrapper.h */ = {isa = PBXFileReference; fileEncoding = 4; lastKnownFileType = sourcecode.c.h; path = NaoshimaCWrapper.h; sourceTree = "<group>"; };
		6208D110200D5B4B00D32976 /* FaceBlendCommon.cpp */ = {isa = PBXFileReference; fileEncoding = 4; lastKnownFileType = sourcecode.cpp.cpp; path = FaceBlendCommon.cpp; sourceTree = "<group>"; };
		6208D111200D5B4B00D32976 /* common.h */ = {isa = PBXFileReference; fileEncoding = 4; lastKnownFileType = sourcecode.c.h; path = common.h; sourceTree = "<group>"; };
		6208D115200F0DCC00D32976 /* dlib_face_recognition_resnet_model_v1.dat */ = {isa = PBXFileReference; lastKnownFileType = file; name = dlib_face_recognition_resnet_model_v1.dat; path = models/dlib_face_recognition_resnet_model_v1.dat; sourceTree = "<group>"; };
		6208D116200F0DCD00D32976 /* shape_predictor_68_face_landmarks.dat */ = {isa = PBXFileReference; lastKnownFileType = file; name = shape_predictor_68_face_landmarks.dat; path = models/shape_predictor_68_face_landmarks.dat; sourceTree = "<group>"; };
		6249759720142E6800DEE47E /* README.md */ = {isa = PBXFileReference; lastKnownFileType = net.daringfireball.markdown; path = README.md; sourceTree = "<group>"; };
		B91303F31A2392C9165F5763 /* Pods_Naoshima.framework */ = {isa = PBXFileReference; explicitFileType = wrapper.framework; includeInIndex = 0; path = Pods_Naoshima.framework; sourceTree = BUILT_PRODUCTS_DIR; };
		C79BE88FCE60AF2B93FB4A34 /* Pods-Naoshima.debug.xcconfig */ = {isa = PBXFileReference; includeInIndex = 1; lastKnownFileType = text.xcconfig; name = "Pods-Naoshima.debug.xcconfig"; path = "Pods/Target Support Files/Pods-Naoshima/Pods-Naoshima.debug.xcconfig"; sourceTree = "<group>"; };
		DD0589A5AC54DF13A0536418 /* Pods-Naoshima.release.xcconfig */ = {isa = PBXFileReference; includeInIndex = 1; lastKnownFileType = text.xcconfig; name = "Pods-Naoshima.release.xcconfig"; path = "Pods/Target Support Files/Pods-Naoshima/Pods-Naoshima.release.xcconfig"; sourceTree = "<group>"; };
/* End PBXFileReference section */

/* Begin PBXFrameworksBuildPhase section */
		6208D09E200D452100D32976 /* Frameworks */ = {
			isa = PBXFrameworksBuildPhase;
			buildActionMask = 2147483647;
			files = (
				6208D0C7200D565200D32976 /* libsqlite3.tbd in Frameworks */,
				6208D0C8200D565200D32976 /* libsqlite3.0.tbd in Frameworks */,
				6208D0C2200D51E100D32976 /* CoreMedia.framework in Frameworks */,
				6208D0C0200D51D000D32976 /* CoreFoundation.framework in Frameworks */,
				6208D0C4200D541000D32976 /* libdlib.a in Frameworks */,
				6208D0BD200D51B500D32976 /* CoreGraphics.framework in Frameworks */,
				6208D0BE200D51B500D32976 /* CoreImage.framework in Frameworks */,
				6208D0BA200D51AC00D32976 /* Accelerate.framework in Frameworks */,
				6208D0B8200D519600D32976 /* opencv2.framework in Frameworks */,
				E80191FAA5448A8ADB0A0DE4 /* Pods_Naoshima.framework in Frameworks */,
			);
			runOnlyForDeploymentPostprocessing = 0;
		};
/* End PBXFrameworksBuildPhase section */

/* Begin PBXGroup section */
		6208D098200D452100D32976 = {
			isa = PBXGroup;
			children = (
				6249759720142E6800DEE47E /* README.md */,
				6208D115200F0DCC00D32976 /* dlib_face_recognition_resnet_model_v1.dat */,
				6208D116200F0DCD00D32976 /* shape_predictor_68_face_landmarks.dat */,
				6208D0C3200D541000D32976 /* libdlib.a */,
				6208D0A3200D452100D32976 /* Naoshima */,
				6208D0A2200D452100D32976 /* Products */,
				6208D0B6200D519600D32976 /* Frameworks */,
				6208D0C9200D575700D32976 /* Naoshima-Bridging-Header.h */,
				B63AFCCA52396F2AB1005B4C /* Pods */,
			);
			sourceTree = "<group>";
		};
		6208D0A2200D452100D32976 /* Products */ = {
			isa = PBXGroup;
			children = (
				6208D0A1200D452100D32976 /* Naoshima.app */,
			);
			name = Products;
			sourceTree = "<group>";
		};
		6208D0A3200D452100D32976 /* Naoshima */ = {
			isa = PBXGroup;
			children = (
				6208D10A200D5AEA00D32976 /* Native */,
				6208D0D2200D59D700D32976 /* Sqlite */,
				62DFD7D920140A9B003D2054 /* Database */,
				6208D0A4200D452100D32976 /* AppDelegate.swift */,
				6203F3D32014577300668B8C /* AssetGridViewController.swift */,
				6203F3D12014577300668B8C /* AssetViewController.swift */,
				6203F3D52014577300668B8C /* Database */,
				6203F3D02014577300668B8C /* MasterViewController.swift */,
				6203F3CE2014576500668B8C /* GridViewCell.swift */,
				6203F3C12014386200668B8C /* TLPhotosPicker+Extension.swift */,
				6203F3BB2014370500668B8C /* PhotoPickerWithNavigationViewController.swift */,
				6203F3BD2014376700668B8C /* ImagePreviewViewController.swift */,
				6203F3BF201437A200668B8C /* ImagePreviewViewController.xib */,
				6208D0A6200D452100D32976 /* NaoshimaViewController.swift */,
				6208D0AB200D452100D32976 /* Assets.xcassets */,
				6208D0AD200D452100D32976 /* LaunchScreen.storyboard */,
				6203F3DC2014591900668B8C /* Main.storyboard */,
				6208D0B0200D452100D32976 /* Info.plist */,
			);
			path = Naoshima;
			sourceTree = "<group>";
		};
		6208D0B6200D519600D32976 /* Frameworks */ = {
			isa = PBXGroup;
			children = (
				6208D0C6200D565200D32976 /* libsqlite3.0.tbd */,
				6208D0C5200D565200D32976 /* libsqlite3.tbd */,
				6208D0C1200D51E100D32976 /* CoreMedia.framework */,
				6208D0BF200D51D000D32976 /* CoreFoundation.framework */,
				6208D0BB200D51B500D32976 /* CoreGraphics.framework */,
				6208D0BC200D51B500D32976 /* CoreImage.framework */,
				6208D0B9200D51AC00D32976 /* Accelerate.framework */,
				6208D0B7200D519600D32976 /* opencv2.framework */,
				B91303F31A2392C9165F5763 /* Pods_Naoshima.framework */,
			);
			name = Frameworks;
			sourceTree = "<group>";
		};
		6208D0D2200D59D700D32976 /* Sqlite */ = {
			isa = PBXGroup;
			children = (
				6208D0EC200D5A4F00D32976 /* AggregateFunctions.swift */,
				6208D0E5200D5A4F00D32976 /* Blob.swift */,
				6208D0E0200D5A4E00D32976 /* Cipher.swift */,
				6208D0F0200D5A4F00D32976 /* Coding.swift */,
				6208D0E4200D5A4F00D32976 /* Collation.swift */,
				6208D0EA200D5A4F00D32976 /* Connection.swift */,
				6208D0DE200D5A4E00D32976 /* CoreFunctions.swift */,
				6208D0E9200D5A4F00D32976 /* CustomFunctions.swift */,
				6208D0E7200D5A4F00D32976 /* DateAndTimeFunctions.swift */,
				6208D0E3200D5A4E00D32976 /* Errors.swift */,
				6208D0E8200D5A4F00D32976 /* Expression.swift */,
				6208D0EB200D5A4F00D32976 /* Foundation.swift */,
				6208D0E2200D5A4E00D32976 /* fts3_tokenizer.h */,
				6208D0DA200D5A4E00D32976 /* FTS4.swift */,
				6208D0DD200D5A4E00D32976 /* FTS5.swift */,
				6208D0E6200D5A4F00D32976 /* Helpers.swift */,
				6208D0ED200D5A4F00D32976 /* Operators.swift */,
				6208D0EF200D5A4F00D32976 /* Query.swift */,
				6208D0F1200D5A4F00D32976 /* RTree.swift */,
				6208D0DB200D5A4E00D32976 /* Schema.swift */,
				6208D0EE200D5A4F00D32976 /* Setter.swift */,
				6208D0E1200D5A4E00D32976 /* SQLite-Bridging.h */,
				6208D0D9200D5A4E00D32976 /* SQLite-Bridging.m */,
				6208D0DC200D5A4E00D32976 /* SQLite.h */,
				6208D0F2200D5A4F00D32976 /* Statement.swift */,
				6208D0DF200D5A4E00D32976 /* Value.swift */,
			);
			path = Sqlite;
			sourceTree = "<group>";
		};
		6208D10A200D5AEA00D32976 /* Native */ = {
			isa = PBXGroup;
			children = (
				6208D10F200D5B4B00D32976 /* NaoshimaCWrapper.h */,
				6208D10B200D5B4B00D32976 /* NaoshimaCWrapper.mm */,
				6208D111200D5B4B00D32976 /* common.h */,
				6208D110200D5B4B00D32976 /* FaceBlendCommon.cpp */,
				6208D10D200D5B4B00D32976 /* FaceBlendCommon.h */,
				6208D10C200D5B4B00D32976 /* PhotoCluster.cpp */,
				6208D10E200D5B4B00D32976 /* PhotoCluster.h */,
			);
			path = Native;
			sourceTree = "<group>";
		};
		62DFD7D920140A9B003D2054 /* Database */ = {
			isa = PBXGroup;
			children = (
				6208D0D3200D5A4000D32976 /* PeopleGroup.swift */,
				6208D0D4200D5A4000D32976 /* KnowledgeBase.swift */,
				6208D0D5200D5A4000D32976 /* Safearray.swift */,
			);
			path = Database;
			sourceTree = "<group>";
		};
		B63AFCCA52396F2AB1005B4C /* Pods */ = {
			isa = PBXGroup;
			children = (
				C79BE88FCE60AF2B93FB4A34 /* Pods-Naoshima.debug.xcconfig */,
				DD0589A5AC54DF13A0536418 /* Pods-Naoshima.release.xcconfig */,
			);
			name = Pods;
			sourceTree = "<group>";
		};
/* End PBXGroup section */

/* Begin PBXNativeTarget section */
		6208D0A0200D452100D32976 /* Naoshima */ = {
			isa = PBXNativeTarget;
			buildConfigurationList = 6208D0B3200D452100D32976 /* Build configuration list for PBXNativeTarget "Naoshima" */;
			buildPhases = (
				6FFA5F61D1BE2EAF5A1AE5F4 /* [CP] Check Pods Manifest.lock */,
				6208D09D200D452100D32976 /* Sources */,
				6208D09E200D452100D32976 /* Frameworks */,
				6208D09F200D452100D32976 /* Resources */,
				0BE0DCB78B4ABD4023E566C9 /* [CP] Embed Pods Frameworks */,
				4E3526DAE66D4E957C366235 /* [CP] Copy Pods Resources */,
			);
			buildRules = (
			);
			dependencies = (
			);
			name = Naoshima;
			productName = Naoshima;
			productReference = 6208D0A1200D452100D32976 /* Naoshima.app */;
			productType = "com.apple.product-type.application";
		};
/* End PBXNativeTarget section */

/* Begin PBXProject section */
		6208D099200D452100D32976 /* Project object */ = {
			isa = PBXProject;
			attributes = {
				LastSwiftUpdateCheck = 0920;
				LastUpgradeCheck = 0920;
				ORGANIZATIONNAME = "Min Wei";
				TargetAttributes = {
					6208D0A0200D452100D32976 = {
						CreatedOnToolsVersion = 9.2;
						LastSwiftMigration = 0920;
						ProvisioningStyle = Automatic;
					};
				};
			};
			buildConfigurationList = 6208D09C200D452100D32976 /* Build configuration list for PBXProject "Naoshima" */;
			compatibilityVersion = "Xcode 8.0";
			developmentRegion = en;
			hasScannedForEncodings = 0;
			knownRegions = (
				en,
				Base,
			);
			mainGroup = 6208D098200D452100D32976;
			productRefGroup = 6208D0A2200D452100D32976 /* Products */;
			projectDirPath = "";
			projectRoot = "";
			targets = (
				6208D0A0200D452100D32976 /* Naoshima */,
			);
		};
/* End PBXProject section */

/* Begin PBXResourcesBuildPhase section */
		6208D09F200D452100D32976 /* Resources */ = {
			isa = PBXResourcesBuildPhase;
			buildActionMask = 2147483647;
			files = (
				6203F3DE2014591900668B8C /* Main.storyboard in Resources */,
				6208D117200F0DCD00D32976 /* dlib_face_recognition_resnet_model_v1.dat in Resources */,
				6208D118200F0DCD00D32976 /* shape_predictor_68_face_landmarks.dat in Resources */,
				6208D0AF200D452100D32976 /* LaunchScreen.storyboard in Resources */,
				6203F3DB2014577300668B8C /* Database in Resources */,
				6208D0AC200D452100D32976 /* Assets.xcassets in Resources */,
				6203F3C0201437A300668B8C /* ImagePreviewViewController.xib in Resources */,
			);
			runOnlyForDeploymentPostprocessing = 0;
		};
/* End PBXResourcesBuildPhase section */

/* Begin PBXShellScriptBuildPhase section */
		0BE0DCB78B4ABD4023E566C9 /* [CP] Embed Pods Frameworks */ = {
			isa = PBXShellScriptBuildPhase;
			buildActionMask = 2147483647;
			files = (
			);
			inputPaths = (
				"${SRCROOT}/Pods/Target Support Files/Pods-Naoshima/Pods-Naoshima-frameworks.sh",
				"${BUILT_PRODUCTS_DIR}/TLPhotoPicker/TLPhotoPicker.framework",
			);
			name = "[CP] Embed Pods Frameworks";
			outputPaths = (
				"${TARGET_BUILD_DIR}/${FRAMEWORKS_FOLDER_PATH}/TLPhotoPicker.framework",
			);
			runOnlyForDeploymentPostprocessing = 0;
			shellPath = /bin/sh;
			shellScript = "\"${SRCROOT}/Pods/Target Support Files/Pods-Naoshima/Pods-Naoshima-frameworks.sh\"\n";
			showEnvVarsInLog = 0;
		};
		4E3526DAE66D4E957C366235 /* [CP] Copy Pods Resources */ = {
			isa = PBXShellScriptBuildPhase;
			buildActionMask = 2147483647;
			files = (
			);
			inputPaths = (
			);
			name = "[CP] Copy Pods Resources";
			outputPaths = (
			);
			runOnlyForDeploymentPostprocessing = 0;
			shellPath = /bin/sh;
			shellScript = "\"${SRCROOT}/Pods/Target Support Files/Pods-Naoshima/Pods-Naoshima-resources.sh\"\n";
			showEnvVarsInLog = 0;
		};
		6FFA5F61D1BE2EAF5A1AE5F4 /* [CP] Check Pods Manifest.lock */ = {
			isa = PBXShellScriptBuildPhase;
			buildActionMask = 2147483647;
			files = (
			);
			inputPaths = (
				"${PODS_PODFILE_DIR_PATH}/Podfile.lock",
				"${PODS_ROOT}/Manifest.lock",
			);
			name = "[CP] Check Pods Manifest.lock";
			outputPaths = (
				"$(DERIVED_FILE_DIR)/Pods-Naoshima-checkManifestLockResult.txt",
			);
			runOnlyForDeploymentPostprocessing = 0;
			shellPath = /bin/sh;
			shellScript = "diff \"${PODS_PODFILE_DIR_PATH}/Podfile.lock\" \"${PODS_ROOT}/Manifest.lock\" > /dev/null\nif [ $? != 0 ] ; then\n    # print error to STDERR\n    echo \"error: The sandbox is not in sync with the Podfile.lock. Run 'pod install' or update your CocoaPods installation.\" >&2\n    exit 1\nfi\n# This output is used by Xcode 'outputs' to avoid re-running this script phase.\necho \"SUCCESS\" > \"${SCRIPT_OUTPUT_FILE_0}\"\n";
			showEnvVarsInLog = 0;
		};
/* End PBXShellScriptBuildPhase section */

/* Begin PBXSourcesBuildPhase section */
		6208D09D200D452100D32976 /* Sources */ = {
			isa = PBXSourcesBuildPhase;
			buildActionMask = 2147483647;
			files = (
				6208D0FE200D5A4F00D32976 /* DateAndTimeFunctions.swift in Sources */,
				6203F3CF2014576500668B8C /* GridViewCell.swift in Sources */,
				6208D0F5200D5A4F00D32976 /* Schema.swift in Sources */,
				6208D112200D5B4B00D32976 /* NaoshimaCWrapper.mm in Sources */,
				6208D0A7200D452100D32976 /* NaoshimaViewController.swift in Sources */,
				6203F3C22014386200668B8C /* TLPhotosPicker+Extension.swift in Sources */,
				6208D0F8200D5A4F00D32976 /* Value.swift in Sources */,
				6208D0D6200D5A4000D32976 /* PeopleGroup.swift in Sources */,
				6208D106200D5A4F00D32976 /* Query.swift in Sources */,
				6208D0D8200D5A4000D32976 /* Safearray.swift in Sources */,
				6208D109200D5A4F00D32976 /* Statement.swift in Sources */,
				6208D102200D5A4F00D32976 /* Foundation.swift in Sources */,
				6208D103200D5A4F00D32976 /* AggregateFunctions.swift in Sources */,
				6203F3D92014577300668B8C /* AssetGridViewController.swift in Sources */,
				6208D113200D5B4B00D32976 /* PhotoCluster.cpp in Sources */,
				6208D114200D5B4B00D32976 /* FaceBlendCommon.cpp in Sources */,
				6208D0D7200D5A4000D32976 /* KnowledgeBase.swift in Sources */,
				6208D108200D5A4F00D32976 /* RTree.swift in Sources */,
				6208D101200D5A4F00D32976 /* Connection.swift in Sources */,
				6208D0F9200D5A4F00D32976 /* Cipher.swift in Sources */,
				6208D0FA200D5A4F00D32976 /* Errors.swift in Sources */,
				6208D0A5200D452100D32976 /* AppDelegate.swift in Sources */,
				6208D0FB200D5A4F00D32976 /* Collation.swift in Sources */,
				6208D105200D5A4F00D32976 /* Setter.swift in Sources */,
				6208D0FF200D5A4F00D32976 /* Expression.swift in Sources */,
				6208D0F7200D5A4F00D32976 /* CoreFunctions.swift in Sources */,
				6208D0FD200D5A4F00D32976 /* Helpers.swift in Sources */,
				6208D100200D5A4F00D32976 /* CustomFunctions.swift in Sources */,
				6208D0F4200D5A4F00D32976 /* FTS4.swift in Sources */,
				6208D104200D5A4F00D32976 /* Operators.swift in Sources */,
				6203F3D72014577300668B8C /* AssetViewController.swift in Sources */,
				6203F3BC2014370500668B8C /* PhotoPickerWithNavigationViewController.swift in Sources */,
				6208D0FC200D5A4F00D32976 /* Blob.swift in Sources */,
				6208D0F3200D5A4F00D32976 /* SQLite-Bridging.m in Sources */,
				6203F3D62014577300668B8C /* MasterViewController.swift in Sources */,
				6208D0F6200D5A4F00D32976 /* FTS5.swift in Sources */,
				6203F3BE2014376700668B8C /* ImagePreviewViewController.swift in Sources */,
				6208D107200D5A4F00D32976 /* Coding.swift in Sources */,
			);
			runOnlyForDeploymentPostprocessing = 0;
		};
/* End PBXSourcesBuildPhase section */

/* Begin PBXVariantGroup section */
		6203F3DC2014591900668B8C /* Main.storyboard */ = {
			isa = PBXVariantGroup;
			children = (
				6203F3DD2014591900668B8C /* Base */,
			);
			name = Main.storyboard;
			sourceTree = "<group>";
		};
		6208D0AD200D452100D32976 /* LaunchScreen.storyboard */ = {
			isa = PBXVariantGroup;
			children = (
				6208D0AE200D452100D32976 /* Base */,
			);
			name = LaunchScreen.storyboard;
			sourceTree = "<group>";
		};
/* End PBXVariantGroup section */

/* Begin XCBuildConfiguration section */
		6208D0B1200D452100D32976 /* Debug */ = {
			isa = XCBuildConfiguration;
			buildSettings = {
				ALWAYS_SEARCH_USER_PATHS = NO;
				CLANG_ANALYZER_NONNULL = YES;
				CLANG_ANALYZER_NUMBER_OBJECT_CONVERSION = YES_AGGRESSIVE;
				CLANG_CXX_LANGUAGE_STANDARD = "gnu++14";
				CLANG_CXX_LIBRARY = "libc++";
				CLANG_ENABLE_MODULES = YES;
				CLANG_ENABLE_OBJC_ARC = YES;
				CLANG_WARN_BLOCK_CAPTURE_AUTORELEASING = YES;
				CLANG_WARN_BOOL_CONVERSION = YES;
				CLANG_WARN_COMMA = YES;
				CLANG_WARN_CONSTANT_CONVERSION = YES;
				CLANG_WARN_DIRECT_OBJC_ISA_USAGE = YES_ERROR;
				CLANG_WARN_DOCUMENTATION_COMMENTS = YES;
				CLANG_WARN_EMPTY_BODY = YES;
				CLANG_WARN_ENUM_CONVERSION = YES;
				CLANG_WARN_INFINITE_RECURSION = YES;
				CLANG_WARN_INT_CONVERSION = YES;
				CLANG_WARN_NON_LITERAL_NULL_CONVERSION = YES;
				CLANG_WARN_OBJC_LITERAL_CONVERSION = YES;
				CLANG_WARN_OBJC_ROOT_CLASS = YES_ERROR;
				CLANG_WARN_RANGE_LOOP_ANALYSIS = YES;
				CLANG_WARN_STRICT_PROTOTYPES = YES;
				CLANG_WARN_SUSPICIOUS_MOVE = YES;
				CLANG_WARN_UNGUARDED_AVAILABILITY = YES_AGGRESSIVE;
				CLANG_WARN_UNREACHABLE_CODE = YES;
				CLANG_WARN__DUPLICATE_METHOD_MATCH = YES;
				CODE_SIGN_IDENTITY = "iPhone Developer";
				COPY_PHASE_STRIP = NO;
				DEBUG_INFORMATION_FORMAT = dwarf;
				ENABLE_STRICT_OBJC_MSGSEND = YES;
				ENABLE_TESTABILITY = YES;
				GCC_C_LANGUAGE_STANDARD = gnu11;
				GCC_DYNAMIC_NO_PIC = NO;
				GCC_NO_COMMON_BLOCKS = YES;
				GCC_OPTIMIZATION_LEVEL = 0;
				GCC_PREPROCESSOR_DEFINITIONS = (
					"DEBUG=1",
					"$(inherited)",
				);
				GCC_WARN_64_TO_32_BIT_CONVERSION = YES;
				GCC_WARN_ABOUT_RETURN_TYPE = YES_ERROR;
				GCC_WARN_UNDECLARED_SELECTOR = YES;
				GCC_WARN_UNINITIALIZED_AUTOS = YES_AGGRESSIVE;
				GCC_WARN_UNUSED_FUNCTION = YES;
				GCC_WARN_UNUSED_VARIABLE = YES;
				IPHONEOS_DEPLOYMENT_TARGET = 11.2;
				MTL_ENABLE_DEBUG_INFO = YES;
				ONLY_ACTIVE_ARCH = YES;
				SDKROOT = iphoneos;
				SWIFT_ACTIVE_COMPILATION_CONDITIONS = DEBUG;
				SWIFT_OPTIMIZATION_LEVEL = "-Onone";
			};
			name = Debug;
		};
		6208D0B2200D452100D32976 /* Release */ = {
			isa = XCBuildConfiguration;
			buildSettings = {
				ALWAYS_SEARCH_USER_PATHS = NO;
				CLANG_ANALYZER_NONNULL = YES;
				CLANG_ANALYZER_NUMBER_OBJECT_CONVERSION = YES_AGGRESSIVE;
				CLANG_CXX_LANGUAGE_STANDARD = "gnu++14";
				CLANG_CXX_LIBRARY = "libc++";
				CLANG_ENABLE_MODULES = YES;
				CLANG_ENABLE_OBJC_ARC = YES;
				CLANG_WARN_BLOCK_CAPTURE_AUTORELEASING = YES;
				CLANG_WARN_BOOL_CONVERSION = YES;
				CLANG_WARN_COMMA = YES;
				CLANG_WARN_CONSTANT_CONVERSION = YES;
				CLANG_WARN_DIRECT_OBJC_ISA_USAGE = YES_ERROR;
				CLANG_WARN_DOCUMENTATION_COMMENTS = YES;
				CLANG_WARN_EMPTY_BODY = YES;
				CLANG_WARN_ENUM_CONVERSION = YES;
				CLANG_WARN_INFINITE_RECURSION = YES;
				CLANG_WARN_INT_CONVERSION = YES;
				CLANG_WARN_NON_LITERAL_NULL_CONVERSION = YES;
				CLANG_WARN_OBJC_LITERAL_CONVERSION = YES;
				CLANG_WARN_OBJC_ROOT_CLASS = YES_ERROR;
				CLANG_WARN_RANGE_LOOP_ANALYSIS = YES;
				CLANG_WARN_STRICT_PROTOTYPES = YES;
				CLANG_WARN_SUSPICIOUS_MOVE = YES;
				CLANG_WARN_UNGUARDED_AVAILABILITY = YES_AGGRESSIVE;
				CLANG_WARN_UNREACHABLE_CODE = YES;
				CLANG_WARN__DUPLICATE_METHOD_MATCH = YES;
				CODE_SIGN_IDENTITY = "iPhone Developer";
				COPY_PHASE_STRIP = NO;
				DEBUG_INFORMATION_FORMAT = "dwarf-with-dsym";
				ENABLE_NS_ASSERTIONS = NO;
				ENABLE_STRICT_OBJC_MSGSEND = YES;
				GCC_C_LANGUAGE_STANDARD = gnu11;
				GCC_NO_COMMON_BLOCKS = YES;
				GCC_WARN_64_TO_32_BIT_CONVERSION = YES;
				GCC_WARN_ABOUT_RETURN_TYPE = YES_ERROR;
				GCC_WARN_UNDECLARED_SELECTOR = YES;
				GCC_WARN_UNINITIALIZED_AUTOS = YES_AGGRESSIVE;
				GCC_WARN_UNUSED_FUNCTION = YES;
				GCC_WARN_UNUSED_VARIABLE = YES;
				IPHONEOS_DEPLOYMENT_TARGET = 11.2;
				MTL_ENABLE_DEBUG_INFO = NO;
				SDKROOT = iphoneos;
				SWIFT_OPTIMIZATION_LEVEL = "-Owholemodule";
				VALIDATE_PRODUCT = YES;
			};
			name = Release;
		};
		6208D0B4200D452100D32976 /* Debug */ = {
			isa = XCBuildConfiguration;
			baseConfigurationReference = C79BE88FCE60AF2B93FB4A34 /* Pods-Naoshima.debug.xcconfig */;
			buildSettings = {
				ASSETCATALOG_COMPILER_APPICON_NAME = AppIcon;
				CLANG_ENABLE_MODULES = YES;
				CODE_SIGN_STYLE = Automatic;
				FRAMEWORK_SEARCH_PATHS = (
					"$(inherited)",
					"$(PROJECT_DIR)/libs",
				);
				GCC_PREPROCESSOR_DEFINITIONS = (
					DLIB_NO_GUI_SUPPORT,
					DLIB_JPEG_SUPPORT,
					NDEBUG,
					DLIB_USE_BLAS,
					DLIB_USE_LAPACK,
					DLIB_NO_GUI_SUPPORT,
					DLIB_JPEG_SUPPORT,
					NDEBUG,
					DLIB_USE_BLAS,
					DLIB_USE_LAPACK,
				);
				HEADER_SEARCH_PATHS = (
					"$(PROJECT_DIR)/Sqlite",
					"$(PROJECT_DIR)/libs",
				);
				INFOPLIST_FILE = Naoshima/Info.plist;
				LD_RUNPATH_SEARCH_PATHS = "$(inherited) @executable_path/Frameworks";
				LIBRARY_SEARCH_PATHS = (
					"$(inherited)",
					"$(PROJECT_DIR)/libs",
				);
				PRODUCT_BUNDLE_IDENTIFIER = Naoshima;
				PRODUCT_NAME = "$(TARGET_NAME)";
				SWIFT_OBJC_BRIDGING_HEADER = "Naoshima-Bridging-Header.h";
				SWIFT_OPTIMIZATION_LEVEL = "-Onone";
				SWIFT_VERSION = 4.0;
				TARGETED_DEVICE_FAMILY = "1,2";
			};
			name = Debug;
		};
		6208D0B5200D452100D32976 /* Release */ = {
			isa = XCBuildConfiguration;
			baseConfigurationReference = DD0589A5AC54DF13A0536418 /* Pods-Naoshima.release.xcconfig */;
			buildSettings = {
				ASSETCATALOG_COMPILER_APPICON_NAME = AppIcon;
				CLANG_ENABLE_MODULES = YES;
				CODE_SIGN_STYLE = Automatic;
				FRAMEWORK_SEARCH_PATHS = (
					"$(inherited)",
					"$(PROJECT_DIR)/libs",
				);
				GCC_PREPROCESSOR_DEFINITIONS = (
					DLIB_NO_GUI_SUPPORT,
					DLIB_JPEG_SUPPORT,
					NDEBUG,
					DLIB_USE_BLAS,
					DLIB_USE_LAPACK,
					DLIB_NO_GUI_SUPPORT,
					DLIB_JPEG_SUPPORT,
					NDEBUG,
					DLIB_USE_BLAS,
					DLIB_USE_LAPACK,
				);
				HEADER_SEARCH_PATHS = (
					"$(PROJECT_DIR)/Sqlite",
					"$(PROJECT_DIR)/libs",
				);
				INFOPLIST_FILE = Naoshima/Info.plist;
				LD_RUNPATH_SEARCH_PATHS = "$(inherited) @executable_path/Frameworks";
				LIBRARY_SEARCH_PATHS = (
					"$(inherited)",
					"$(PROJECT_DIR)/libs",
				);
				PRODUCT_BUNDLE_IDENTIFIER = Naoshima;
				PRODUCT_NAME = "$(TARGET_NAME)";
				SWIFT_OBJC_BRIDGING_HEADER = "Naoshima-Bridging-Header.h";
				SWIFT_VERSION = 4.0;
				TARGETED_DEVICE_FAMILY = "1,2";
			};
			name = Release;
		};
/* End XCBuildConfiguration section */

/* Begin XCConfigurationList section */
		6208D09C200D452100D32976 /* Build configuration list for PBXProject "Naoshima" */ = {
			isa = XCConfigurationList;
			buildConfigurations = (
				6208D0B1200D452100D32976 /* Debug */,
				6208D0B2200D452100D32976 /* Release */,
			);
			defaultConfigurationIsVisible = 0;
			defaultConfigurationName = Release;
		};
		6208D0B3200D452100D32976 /* Build configuration list for PBXNativeTarget "Naoshima" */ = {
			isa = XCConfigurationList;
			buildConfigurations = (
				6208D0B4200D452100D32976 /* Debug */,
				6208D0B5200D452100D32976 /* Release */,
			);
			defaultConfigurationIsVisible = 0;
			defaultConfigurationName = Release;
		};
/* End XCConfigurationList section */
	};
	rootObject = 6208D099200D452100D32976 /* Project object */;
}
